
Microsoft Visual Studio Solution File, Format Version 12.00
# Visual Studio Version 16
VisualStudioVersion = 16.0.30717.126
MinimumVisualStudioVersion = 10.0.40219.1
Project("{FAE04EC0-301F-11D3-BF4B-00C04F79EFBC}") = "Q211(Design Add and Search Words)", "Q211(Design Add and Search Words).csproj", "{26F60C4A-5EA6-4960-98CD-971AB12836A2}"
EndProject
Project("{FAE04EC0-301F-11D3-BF4B-00C04F79EFBC}") = "Q211(Design Add and Search Words)Tests", "..\Q211(Design Add and Search Words)Tests\Q211(Design Add and Search Words)Tests.csproj", "{63CE52B7-4081-4EBB-9F71-30D9828D29AE}"
EndProject
Global
	GlobalSection(SolutionConfigurationPlatforms) = preSolution
		Debug|Any CPU = Debug|Any CPU
		Release|Any CPU = Release|Any CPU
	EndGlobalSection
	GlobalSection(ProjectConfigurationPlatforms) = postSolution
		{26F60C4A-5EA6-4960-98CD-971AB12836A2}.Debug|Any CPU.ActiveCfg = Debug|Any CPU
		{26F60C4A-5EA6-4960-98CD-971AB12836A2}.Debug|Any CPU.Build.0 = Debug|Any CPU
		{26F60C4A-5EA6-4960-98CD-971AB12836A2}.Release|Any CPU.ActiveCfg = Release|Any CPU
		{26F60C4A-5EA6-4960-98CD-971AB12836A2}.Release|Any CPU.Build.0 = Release|Any CPU
		{63CE52B7-4081-4EBB-9F71-30D9828D29AE}.Debug|Any CPU.ActiveCfg = Debug|Any CPU
		{63CE52B7-4081-4EBB-9F71-30D9828D29AE}.Debug|Any CPU.Build.0 = Debug|Any CPU
		{63CE52B7-4081-4EBB-9F71-30D9828D29AE}.Release|Any CPU.ActiveCfg = Release|Any CPU
		{63CE52B7-4081-4EBB-9F71-30D9828D29AE}.Release|Any CPU.Build.0 = Release|Any CPU
	EndGlobalSection
	GlobalSection(SolutionProperties) = preSolution
		HideSolutionNode = FALSE
	EndGlobalSection
	GlobalSection(ExtensibilityGlobals) = postSolution
		SolutionGuid = {B1F2D6DC-465E-4C57-872F-9526A8863F83}
	EndGlobalSection
EndGlobal
