
Microsoft Visual Studio Solution File, Format Version 12.00
# Visual Studio Version 16
VisualStudioVersion = 16.0.30711.63
MinimumVisualStudioVersion = 10.0.40219.1
Project("{FAE04EC0-301F-11D3-BF4B-00C04F79EFBC}") = "Q152(Maximum Product Subarray)", "Q152(Maximum Product Subarray).csproj", "{95F8A857-4365-477A-A00A-11B13ADB5574}"
EndProject
Project("{FAE04EC0-301F-11D3-BF4B-00C04F79EFBC}") = "Q152(Maximum Product Subarray)Tests", "..\Q152(Maximum Product Subarray)Tests\Q152(Maximum Product Subarray)Tests.csproj", "{9419341E-7BC0-430D-BCB6-911820BC75C2}"
EndProject
Global
	GlobalSection(SolutionConfigurationPlatforms) = preSolution
		Debug|Any CPU = Debug|Any CPU
		Release|Any CPU = Release|Any CPU
	EndGlobalSection
	GlobalSection(ProjectConfigurationPlatforms) = postSolution
		{95F8A857-4365-477A-A00A-11B13ADB5574}.Debug|Any CPU.ActiveCfg = Debug|Any CPU
		{95F8A857-4365-477A-A00A-11B13ADB5574}.Debug|Any CPU.Build.0 = Debug|Any CPU
		{95F8A857-4365-477A-A00A-11B13ADB5574}.Release|Any CPU.ActiveCfg = Release|Any CPU
		{95F8A857-4365-477A-A00A-11B13ADB5574}.Release|Any CPU.Build.0 = Release|Any CPU
		{9419341E-7BC0-430D-BCB6-911820BC75C2}.Debug|Any CPU.ActiveCfg = Debug|Any CPU
		{9419341E-7BC0-430D-BCB6-911820BC75C2}.Debug|Any CPU.Build.0 = Debug|Any CPU
		{9419341E-7BC0-430D-BCB6-911820BC75C2}.Release|Any CPU.ActiveCfg = Release|Any CPU
		{9419341E-7BC0-430D-BCB6-911820BC75C2}.Release|Any CPU.Build.0 = Release|Any CPU
	EndGlobalSection
	GlobalSection(SolutionProperties) = preSolution
		HideSolutionNode = FALSE
	EndGlobalSection
	GlobalSection(ExtensibilityGlobals) = postSolution
		SolutionGuid = {589818AA-A716-44FF-BAF7-9700B2FD4F1D}
	EndGlobalSection
EndGlobal
