
Microsoft Visual Studio Solution File, Format Version 12.00
# Visual Studio Version 16
VisualStudioVersion = 16.0.30330.147
MinimumVisualStudioVersion = 10.0.40219.1
Project("{FAE04EC0-301F-11D3-BF4B-00C04F79EFBC}") = "Q268(Missing Number)", "Q268(Missing Number).csproj", "{A3EF4858-83EB-40B5-9D27-01CF7BAB3757}"
EndProject
Project("{FAE04EC0-301F-11D3-BF4B-00C04F79EFBC}") = "Q268(Missing Number)Tests", "..\Q268(Missing Number)Tests\Q268(Missing Number)Tests.csproj", "{C857CBD8-A4CF-49C9-AE03-8E6450F47BB5}"
EndProject
Global
	GlobalSection(SolutionConfigurationPlatforms) = preSolution
		Debug|Any CPU = Debug|Any CPU
		Release|Any CPU = Release|Any CPU
	EndGlobalSection
	GlobalSection(ProjectConfigurationPlatforms) = postSolution
		{A3EF4858-83EB-40B5-9D27-01CF7BAB3757}.Debug|Any CPU.ActiveCfg = Debug|Any CPU
		{A3EF4858-83EB-40B5-9D27-01CF7BAB3757}.Debug|Any CPU.Build.0 = Debug|Any CPU
		{A3EF4858-83EB-40B5-9D27-01CF7BAB3757}.Release|Any CPU.ActiveCfg = Release|Any CPU
		{A3EF4858-83EB-40B5-9D27-01CF7BAB3757}.Release|Any CPU.Build.0 = Release|Any CPU
		{C857CBD8-A4CF-49C9-AE03-8E6450F47BB5}.Debug|Any CPU.ActiveCfg = Debug|Any CPU
		{C857CBD8-A4CF-49C9-AE03-8E6450F47BB5}.Debug|Any CPU.Build.0 = Debug|Any CPU
		{C857CBD8-A4CF-49C9-AE03-8E6450F47BB5}.Release|Any CPU.ActiveCfg = Release|Any CPU
		{C857CBD8-A4CF-49C9-AE03-8E6450F47BB5}.Release|Any CPU.Build.0 = Release|Any CPU
	EndGlobalSection
	GlobalSection(SolutionProperties) = preSolution
		HideSolutionNode = FALSE
	EndGlobalSection
	GlobalSection(ExtensibilityGlobals) = postSolution
		SolutionGuid = {111F01CF-B483-4095-ABA8-D25AC28A3E99}
	EndGlobalSection
EndGlobal
