
Microsoft Visual Studio Solution File, Format Version 12.00
# Visual Studio Version 16
VisualStudioVersion = 16.0.30804.86
MinimumVisualStudioVersion = 10.0.40219.1
Project("{9A19103F-16F7-4668-BE54-9A1E7A4F7556}") = "Q93(Restore IP Addresses)", "Q93(Restore IP Addresses).csproj", "{5A292A86-EABD-4162-A568-A8944847577B}"
EndProject
Project("{FAE04EC0-301F-11D3-BF4B-00C04F79EFBC}") = "Q93(Restore IP Addresses)Tests", "..\Q93(Restore IP Addresses)Tests\Q93(Restore IP Addresses)Tests.csproj", "{2DB3F557-8041-414C-B567-28DB60ED4673}"
EndProject
Global
	GlobalSection(SolutionConfigurationPlatforms) = preSolution
		Debug|Any CPU = Debug|Any CPU
		Release|Any CPU = Release|Any CPU
	EndGlobalSection
	GlobalSection(ProjectConfigurationPlatforms) = postSolution
		{5A292A86-EABD-4162-A568-A8944847577B}.Debug|Any CPU.ActiveCfg = Debug|Any CPU
		{5A292A86-EABD-4162-A568-A8944847577B}.Debug|Any CPU.Build.0 = Debug|Any CPU
		{5A292A86-EABD-4162-A568-A8944847577B}.Release|Any CPU.ActiveCfg = Release|Any CPU
		{5A292A86-EABD-4162-A568-A8944847577B}.Release|Any CPU.Build.0 = Release|Any CPU
		{2DB3F557-8041-414C-B567-28DB60ED4673}.Debug|Any CPU.ActiveCfg = Debug|Any CPU
		{2DB3F557-8041-414C-B567-28DB60ED4673}.Debug|Any CPU.Build.0 = Debug|Any CPU
		{2DB3F557-8041-414C-B567-28DB60ED4673}.Release|Any CPU.ActiveCfg = Release|Any CPU
		{2DB3F557-8041-414C-B567-28DB60ED4673}.Release|Any CPU.Build.0 = Release|Any CPU
	EndGlobalSection
	GlobalSection(SolutionProperties) = preSolution
		HideSolutionNode = FALSE
	EndGlobalSection
	GlobalSection(ExtensibilityGlobals) = postSolution
		SolutionGuid = {8E79EC56-2C71-4F13-95C3-A61BD4D4DB10}
	EndGlobalSection
EndGlobal
