
Microsoft Visual Studio Solution File, Format Version 12.00
# Visual Studio Version 16
VisualStudioVersion = 16.0.30330.147
MinimumVisualStudioVersion = 10.0.40219.1
Project("{FAE04EC0-301F-11D3-BF4B-00C04F79EFBC}") = "Q198(House Robber)", "Q198(House Robber).csproj", "{F182030C-19C8-4F59-B719-511A13571204}"
EndProject
Project("{FAE04EC0-301F-11D3-BF4B-00C04F79EFBC}") = "Q198(House Robber)Tests", "..\Q198(House Robber)Tests\Q198(House Robber)Tests.csproj", "{177E9B66-6A7A-46B9-967E-0546959FC9B3}"
EndProject
Global
	GlobalSection(SolutionConfigurationPlatforms) = preSolution
		Debug|Any CPU = Debug|Any CPU
		Release|Any CPU = Release|Any CPU
	EndGlobalSection
	GlobalSection(ProjectConfigurationPlatforms) = postSolution
		{F182030C-19C8-4F59-B719-511A13571204}.Debug|Any CPU.ActiveCfg = Debug|Any CPU
		{F182030C-19C8-4F59-B719-511A13571204}.Debug|Any CPU.Build.0 = Debug|Any CPU
		{F182030C-19C8-4F59-B719-511A13571204}.Release|Any CPU.ActiveCfg = Release|Any CPU
		{F182030C-19C8-4F59-B719-511A13571204}.Release|Any CPU.Build.0 = Release|Any CPU
		{177E9B66-6A7A-46B9-967E-0546959FC9B3}.Debug|Any CPU.ActiveCfg = Debug|Any CPU
		{177E9B66-6A7A-46B9-967E-0546959FC9B3}.Debug|Any CPU.Build.0 = Debug|Any CPU
		{177E9B66-6A7A-46B9-967E-0546959FC9B3}.Release|Any CPU.ActiveCfg = Release|Any CPU
		{177E9B66-6A7A-46B9-967E-0546959FC9B3}.Release|Any CPU.Build.0 = Release|Any CPU
	EndGlobalSection
	GlobalSection(SolutionProperties) = preSolution
		HideSolutionNode = FALSE
	EndGlobalSection
	GlobalSection(ExtensibilityGlobals) = postSolution
		SolutionGuid = {A668DB28-6F2D-4DA4-BC92-A83CFBD64B40}
	EndGlobalSection
EndGlobal
