
Microsoft Visual Studio Solution File, Format Version 12.00
# Visual Studio Version 16
VisualStudioVersion = 16.0.30621.155
MinimumVisualStudioVersion = 10.0.40219.1
Project("{FAE04EC0-301F-11D3-BF4B-00C04F79EFBC}") = "Q49(Group Anagrams)", "Q49(Group Anagrams).csproj", "{A44DDA35-7937-4F3B-AB9D-4EA2E422C710}"
EndProject
Project("{FAE04EC0-301F-11D3-BF4B-00C04F79EFBC}") = "Q49(Group Anagrams)Tests", "..\Q49(Group Anagrams)Tests\Q49(Group Anagrams)Tests.csproj", "{62E1816F-1344-4EF8-A2D0-2B23ED8C38F9}"
EndProject
Global
	GlobalSection(SolutionConfigurationPlatforms) = preSolution
		Debug|Any CPU = Debug|Any CPU
		Release|Any CPU = Release|Any CPU
	EndGlobalSection
	GlobalSection(ProjectConfigurationPlatforms) = postSolution
		{A44DDA35-7937-4F3B-AB9D-4EA2E422C710}.Debug|Any CPU.ActiveCfg = Debug|Any CPU
		{A44DDA35-7937-4F3B-AB9D-4EA2E422C710}.Debug|Any CPU.Build.0 = Debug|Any CPU
		{A44DDA35-7937-4F3B-AB9D-4EA2E422C710}.Release|Any CPU.ActiveCfg = Release|Any CPU
		{A44DDA35-7937-4F3B-AB9D-4EA2E422C710}.Release|Any CPU.Build.0 = Release|Any CPU
		{62E1816F-1344-4EF8-A2D0-2B23ED8C38F9}.Debug|Any CPU.ActiveCfg = Debug|Any CPU
		{62E1816F-1344-4EF8-A2D0-2B23ED8C38F9}.Debug|Any CPU.Build.0 = Debug|Any CPU
		{62E1816F-1344-4EF8-A2D0-2B23ED8C38F9}.Release|Any CPU.ActiveCfg = Release|Any CPU
		{62E1816F-1344-4EF8-A2D0-2B23ED8C38F9}.Release|Any CPU.Build.0 = Release|Any CPU
	EndGlobalSection
	GlobalSection(SolutionProperties) = preSolution
		HideSolutionNode = FALSE
	EndGlobalSection
	GlobalSection(ExtensibilityGlobals) = postSolution
		SolutionGuid = {9AA5847A-FC2F-434E-A660-180B21F1A917}
	EndGlobalSection
EndGlobal
