
Microsoft Visual Studio Solution File, Format Version 12.00
# Visual Studio Version 16
VisualStudioVersion = 16.0.30717.126
MinimumVisualStudioVersion = 10.0.40219.1
Project("{9A19103F-16F7-4668-BE54-9A1E7A4F7556}") = "Q648(Replace Words)", "Q648(Replace Words).csproj", "{DE02ACBC-0B70-4D13-93AD-0B8BB4EAB630}"
EndProject
Project("{FAE04EC0-301F-11D3-BF4B-00C04F79EFBC}") = "Q648(Replace Words)Tests", "..\Q648(Replace Words)Tests\Q648(Replace Words)Tests.csproj", "{DEF086F5-735D-46D8-938E-A6C8B2C4B914}"
EndProject
Global
	GlobalSection(SolutionConfigurationPlatforms) = preSolution
		Debug|Any CPU = Debug|Any CPU
		Release|Any CPU = Release|Any CPU
	EndGlobalSection
	GlobalSection(ProjectConfigurationPlatforms) = postSolution
		{DE02ACBC-0B70-4D13-93AD-0B8BB4EAB630}.Debug|Any CPU.ActiveCfg = Debug|Any CPU
		{DE02ACBC-0B70-4D13-93AD-0B8BB4EAB630}.Debug|Any CPU.Build.0 = Debug|Any CPU
		{DE02ACBC-0B70-4D13-93AD-0B8BB4EAB630}.Release|Any CPU.ActiveCfg = Release|Any CPU
		{DE02ACBC-0B70-4D13-93AD-0B8BB4EAB630}.Release|Any CPU.Build.0 = Release|Any CPU
		{DEF086F5-735D-46D8-938E-A6C8B2C4B914}.Debug|Any CPU.ActiveCfg = Debug|Any CPU
		{DEF086F5-735D-46D8-938E-A6C8B2C4B914}.Debug|Any CPU.Build.0 = Debug|Any CPU
		{DEF086F5-735D-46D8-938E-A6C8B2C4B914}.Release|Any CPU.ActiveCfg = Release|Any CPU
		{DEF086F5-735D-46D8-938E-A6C8B2C4B914}.Release|Any CPU.Build.0 = Release|Any CPU
	EndGlobalSection
	GlobalSection(SolutionProperties) = preSolution
		HideSolutionNode = FALSE
	EndGlobalSection
	GlobalSection(ExtensibilityGlobals) = postSolution
		SolutionGuid = {64DB55EA-C8C6-42E8-B821-90E11BA80DCB}
	EndGlobalSection
EndGlobal
