
Microsoft Visual Studio Solution File, Format Version 12.00
# Visual Studio Version 16
VisualStudioVersion = 16.0.30717.126
MinimumVisualStudioVersion = 10.0.40219.1
Project("{FAE04EC0-301F-11D3-BF4B-00C04F79EFBC}") = "Q52(N-Queens II)", "Q52(N-Queens II).csproj", "{8A9C9C0A-A4D6-4327-A48D-76747C5626E9}"
EndProject
Project("{FAE04EC0-301F-11D3-BF4B-00C04F79EFBC}") = "Q52(N-Queens II)Tests", "..\Q52(N-Queens II)Tests\Q52(N-Queens II)Tests.csproj", "{C601076C-D4A9-41DD-B87A-C77BE6684A3C}"
EndProject
Global
	GlobalSection(SolutionConfigurationPlatforms) = preSolution
		Debug|Any CPU = Debug|Any CPU
		Release|Any CPU = Release|Any CPU
	EndGlobalSection
	GlobalSection(ProjectConfigurationPlatforms) = postSolution
		{8A9C9C0A-A4D6-4327-A48D-76747C5626E9}.Debug|Any CPU.ActiveCfg = Debug|Any CPU
		{8A9C9C0A-A4D6-4327-A48D-76747C5626E9}.Debug|Any CPU.Build.0 = Debug|Any CPU
		{8A9C9C0A-A4D6-4327-A48D-76747C5626E9}.Release|Any CPU.ActiveCfg = Release|Any CPU
		{8A9C9C0A-A4D6-4327-A48D-76747C5626E9}.Release|Any CPU.Build.0 = Release|Any CPU
		{C601076C-D4A9-41DD-B87A-C77BE6684A3C}.Debug|Any CPU.ActiveCfg = Debug|Any CPU
		{C601076C-D4A9-41DD-B87A-C77BE6684A3C}.Debug|Any CPU.Build.0 = Debug|Any CPU
		{C601076C-D4A9-41DD-B87A-C77BE6684A3C}.Release|Any CPU.ActiveCfg = Release|Any CPU
		{C601076C-D4A9-41DD-B87A-C77BE6684A3C}.Release|Any CPU.Build.0 = Release|Any CPU
	EndGlobalSection
	GlobalSection(SolutionProperties) = preSolution
		HideSolutionNode = FALSE
	EndGlobalSection
	GlobalSection(ExtensibilityGlobals) = postSolution
		SolutionGuid = {6D82CCE4-82AC-4CDE-BD70-9F0FE2E2118C}
	EndGlobalSection
EndGlobal
