
Microsoft Visual Studio Solution File, Format Version 12.00
# Visual Studio Version 16
VisualStudioVersion = 16.0.30621.155
MinimumVisualStudioVersion = 10.0.40219.1
Project("{FAE04EC0-301F-11D3-BF4B-00C04F79EFBC}") = "Q79(Word Search)", "Q79(Word Search).csproj", "{CCD09360-13DC-4310-ACDA-576425724E77}"
EndProject
Project("{FAE04EC0-301F-11D3-BF4B-00C04F79EFBC}") = "Q79(Word Search)Tests", "..\Q79(Word Search)Tests\Q79(Word Search)Tests.csproj", "{7840AEC3-F404-469B-B41E-FC01B6D0B032}"
EndProject
Global
	GlobalSection(SolutionConfigurationPlatforms) = preSolution
		Debug|Any CPU = Debug|Any CPU
		Release|Any CPU = Release|Any CPU
	EndGlobalSection
	GlobalSection(ProjectConfigurationPlatforms) = postSolution
		{CCD09360-13DC-4310-ACDA-576425724E77}.Debug|Any CPU.ActiveCfg = Debug|Any CPU
		{CCD09360-13DC-4310-ACDA-576425724E77}.Debug|Any CPU.Build.0 = Debug|Any CPU
		{CCD09360-13DC-4310-ACDA-576425724E77}.Release|Any CPU.ActiveCfg = Release|Any CPU
		{CCD09360-13DC-4310-ACDA-576425724E77}.Release|Any CPU.Build.0 = Release|Any CPU
		{7840AEC3-F404-469B-B41E-FC01B6D0B032}.Debug|Any CPU.ActiveCfg = Debug|Any CPU
		{7840AEC3-F404-469B-B41E-FC01B6D0B032}.Debug|Any CPU.Build.0 = Debug|Any CPU
		{7840AEC3-F404-469B-B41E-FC01B6D0B032}.Release|Any CPU.ActiveCfg = Release|Any CPU
		{7840AEC3-F404-469B-B41E-FC01B6D0B032}.Release|Any CPU.Build.0 = Release|Any CPU
	EndGlobalSection
	GlobalSection(SolutionProperties) = preSolution
		HideSolutionNode = FALSE
	EndGlobalSection
	GlobalSection(ExtensibilityGlobals) = postSolution
		SolutionGuid = {81109C7E-A7CE-4753-9E19-6CD473F277E0}
	EndGlobalSection
EndGlobal
