
Microsoft Visual Studio Solution File, Format Version 12.00
# Visual Studio Version 16
VisualStudioVersion = 16.0.30621.155
MinimumVisualStudioVersion = 10.0.40219.1
Project("{FAE04EC0-301F-11D3-BF4B-00C04F79EFBC}") = "Q73(Set Matrix Zeroes)", "Q73(Set Matrix Zeroes).csproj", "{C0CDC340-742F-4050-A40C-961C69548753}"
EndProject
Project("{FAE04EC0-301F-11D3-BF4B-00C04F79EFBC}") = "Q73(Set Matrix Zeroes)Tests", "..\Q73(Set Matrix Zeroes)Tests\Q73(Set Matrix Zeroes)Tests.csproj", "{07051DB9-7CD5-4E64-B8DC-9C159386855F}"
EndProject
Global
	GlobalSection(SolutionConfigurationPlatforms) = preSolution
		Debug|Any CPU = Debug|Any CPU
		Release|Any CPU = Release|Any CPU
	EndGlobalSection
	GlobalSection(ProjectConfigurationPlatforms) = postSolution
		{C0CDC340-742F-4050-A40C-961C69548753}.Debug|Any CPU.ActiveCfg = Debug|Any CPU
		{C0CDC340-742F-4050-A40C-961C69548753}.Debug|Any CPU.Build.0 = Debug|Any CPU
		{C0CDC340-742F-4050-A40C-961C69548753}.Release|Any CPU.ActiveCfg = Release|Any CPU
		{C0CDC340-742F-4050-A40C-961C69548753}.Release|Any CPU.Build.0 = Release|Any CPU
		{07051DB9-7CD5-4E64-B8DC-9C159386855F}.Debug|Any CPU.ActiveCfg = Debug|Any CPU
		{07051DB9-7CD5-4E64-B8DC-9C159386855F}.Debug|Any CPU.Build.0 = Debug|Any CPU
		{07051DB9-7CD5-4E64-B8DC-9C159386855F}.Release|Any CPU.ActiveCfg = Release|Any CPU
		{07051DB9-7CD5-4E64-B8DC-9C159386855F}.Release|Any CPU.Build.0 = Release|Any CPU
	EndGlobalSection
	GlobalSection(SolutionProperties) = preSolution
		HideSolutionNode = FALSE
	EndGlobalSection
	GlobalSection(ExtensibilityGlobals) = postSolution
		SolutionGuid = {A05B3DE7-43FF-4EF9-80ED-E7F5B4D9471F}
	EndGlobalSection
EndGlobal
