
Microsoft Visual Studio Solution File, Format Version 12.00
# Visual Studio Version 16
VisualStudioVersion = 16.0.30717.126
MinimumVisualStudioVersion = 10.0.40219.1
Project("{FAE04EC0-301F-11D3-BF4B-00C04F79EFBC}") = "Q1023(Camelcase Matching)", "Q1023(Camelcase Matching).csproj", "{81854205-FE95-4E2C-A0FB-0B4BD2BDB512}"
EndProject
Project("{FAE04EC0-301F-11D3-BF4B-00C04F79EFBC}") = "Q1023(Camelcase Matching)Tests", "..\Q1023(Camelcase Matching)Tests\Q1023(Camelcase Matching)Tests.csproj", "{768C3F62-F7EE-43A0-B3FC-27FC7AB058C0}"
EndProject
Global
	GlobalSection(SolutionConfigurationPlatforms) = preSolution
		Debug|Any CPU = Debug|Any CPU
		Release|Any CPU = Release|Any CPU
	EndGlobalSection
	GlobalSection(ProjectConfigurationPlatforms) = postSolution
		{81854205-FE95-4E2C-A0FB-0B4BD2BDB512}.Debug|Any CPU.ActiveCfg = Debug|Any CPU
		{81854205-FE95-4E2C-A0FB-0B4BD2BDB512}.Debug|Any CPU.Build.0 = Debug|Any CPU
		{81854205-FE95-4E2C-A0FB-0B4BD2BDB512}.Release|Any CPU.ActiveCfg = Release|Any CPU
		{81854205-FE95-4E2C-A0FB-0B4BD2BDB512}.Release|Any CPU.Build.0 = Release|Any CPU
		{768C3F62-F7EE-43A0-B3FC-27FC7AB058C0}.Debug|Any CPU.ActiveCfg = Debug|Any CPU
		{768C3F62-F7EE-43A0-B3FC-27FC7AB058C0}.Debug|Any CPU.Build.0 = Debug|Any CPU
		{768C3F62-F7EE-43A0-B3FC-27FC7AB058C0}.Release|Any CPU.ActiveCfg = Release|Any CPU
		{768C3F62-F7EE-43A0-B3FC-27FC7AB058C0}.Release|Any CPU.Build.0 = Release|Any CPU
	EndGlobalSection
	GlobalSection(SolutionProperties) = preSolution
		HideSolutionNode = FALSE
	EndGlobalSection
	GlobalSection(ExtensibilityGlobals) = postSolution
		SolutionGuid = {00B21DF6-1367-4A36-835A-77C5F4CBB07D}
	EndGlobalSection
EndGlobal
