
Microsoft Visual Studio Solution File, Format Version 12.00
# Visual Studio Version 16
VisualStudioVersion = 16.0.30611.23
MinimumVisualStudioVersion = 10.0.40219.1
Project("{9A19103F-16F7-4668-BE54-9A1E7A4F7556}") = "Q37(Sudoku Solver)", "Q37(Sudoku Solver).csproj", "{9DEE87AC-BA5C-40F3-9FED-802B329FCC83}"
EndProject
Project("{FAE04EC0-301F-11D3-BF4B-00C04F79EFBC}") = "Q37(Sudoku Solver)Tests", "..\Q37(Sudoku Solver)Tests\Q37(Sudoku Solver)Tests.csproj", "{013B3C31-3CFB-491D-83D3-8CAB180CFF74}"
EndProject
Global
	GlobalSection(SolutionConfigurationPlatforms) = preSolution
		Debug|Any CPU = Debug|Any CPU
		Release|Any CPU = Release|Any CPU
	EndGlobalSection
	GlobalSection(ProjectConfigurationPlatforms) = postSolution
		{9DEE87AC-BA5C-40F3-9FED-802B329FCC83}.Debug|Any CPU.ActiveCfg = Debug|Any CPU
		{9DEE87AC-BA5C-40F3-9FED-802B329FCC83}.Debug|Any CPU.Build.0 = Debug|Any CPU
		{9DEE87AC-BA5C-40F3-9FED-802B329FCC83}.Release|Any CPU.ActiveCfg = Release|Any CPU
		{9DEE87AC-BA5C-40F3-9FED-802B329FCC83}.Release|Any CPU.Build.0 = Release|Any CPU
		{013B3C31-3CFB-491D-83D3-8CAB180CFF74}.Debug|Any CPU.ActiveCfg = Debug|Any CPU
		{013B3C31-3CFB-491D-83D3-8CAB180CFF74}.Debug|Any CPU.Build.0 = Debug|Any CPU
		{013B3C31-3CFB-491D-83D3-8CAB180CFF74}.Release|Any CPU.ActiveCfg = Release|Any CPU
		{013B3C31-3CFB-491D-83D3-8CAB180CFF74}.Release|Any CPU.Build.0 = Release|Any CPU
	EndGlobalSection
	GlobalSection(SolutionProperties) = preSolution
		HideSolutionNode = FALSE
	EndGlobalSection
	GlobalSection(ExtensibilityGlobals) = postSolution
		SolutionGuid = {FDE137FF-2212-4E1F-975B-1CC7AB23FBAD}
	EndGlobalSection
EndGlobal
