
Microsoft Visual Studio Solution File, Format Version 12.00
# Visual Studio Version 16
VisualStudioVersion = 16.0.30621.155
MinimumVisualStudioVersion = 10.0.40219.1
Project("{FAE04EC0-301F-11D3-BF4B-00C04F79EFBC}") = "Q75(Sort Colors)", "Q75(Sort Colors).csproj", "{39977505-37A1-4400-AE7E-4A4A06E53C34}"
EndProject
Project("{FAE04EC0-301F-11D3-BF4B-00C04F79EFBC}") = "Q75(Sort Colors)Tests", "..\Q75(Sort Colors)Tests\Q75(Sort Colors)Tests.csproj", "{F6F4A4BB-CDA5-408B-B52C-599819D25330}"
EndProject
Global
	GlobalSection(SolutionConfigurationPlatforms) = preSolution
		Debug|Any CPU = Debug|Any CPU
		Release|Any CPU = Release|Any CPU
	EndGlobalSection
	GlobalSection(ProjectConfigurationPlatforms) = postSolution
		{39977505-37A1-4400-AE7E-4A4A06E53C34}.Debug|Any CPU.ActiveCfg = Debug|Any CPU
		{39977505-37A1-4400-AE7E-4A4A06E53C34}.Debug|Any CPU.Build.0 = Debug|Any CPU
		{39977505-37A1-4400-AE7E-4A4A06E53C34}.Release|Any CPU.ActiveCfg = Release|Any CPU
		{39977505-37A1-4400-AE7E-4A4A06E53C34}.Release|Any CPU.Build.0 = Release|Any CPU
		{F6F4A4BB-CDA5-408B-B52C-599819D25330}.Debug|Any CPU.ActiveCfg = Debug|Any CPU
		{F6F4A4BB-CDA5-408B-B52C-599819D25330}.Debug|Any CPU.Build.0 = Debug|Any CPU
		{F6F4A4BB-CDA5-408B-B52C-599819D25330}.Release|Any CPU.ActiveCfg = Release|Any CPU
		{F6F4A4BB-CDA5-408B-B52C-599819D25330}.Release|Any CPU.Build.0 = Release|Any CPU
	EndGlobalSection
	GlobalSection(SolutionProperties) = preSolution
		HideSolutionNode = FALSE
	EndGlobalSection
	GlobalSection(ExtensibilityGlobals) = postSolution
		SolutionGuid = {BD567820-EE04-4733-A29B-44FBD4A3AE2F}
	EndGlobalSection
EndGlobal
