
Microsoft Visual Studio Solution File, Format Version 12.00
# Visual Studio Version 16
VisualStudioVersion = 16.0.30611.23
MinimumVisualStudioVersion = 10.0.40219.1
Project("{FAE04EC0-301F-11D3-BF4B-00C04F79EFBC}") = "Q283(Move Zeroes)", "Q283(Move Zeroes).csproj", "{489CCF35-C33F-469B-819D-712D28AF9E0C}"
EndProject
Project("{FAE04EC0-301F-11D3-BF4B-00C04F79EFBC}") = "Q283(Move Zeroes)Tests", "..\Q283(Move Zeroes)Tests\Q283(Move Zeroes)Tests.csproj", "{C352282D-7EEA-49A9-BEBE-86842108BD74}"
EndProject
Global
	GlobalSection(SolutionConfigurationPlatforms) = preSolution
		Debug|Any CPU = Debug|Any CPU
		Release|Any CPU = Release|Any CPU
	EndGlobalSection
	GlobalSection(ProjectConfigurationPlatforms) = postSolution
		{489CCF35-C33F-469B-819D-712D28AF9E0C}.Debug|Any CPU.ActiveCfg = Debug|Any CPU
		{489CCF35-C33F-469B-819D-712D28AF9E0C}.Debug|Any CPU.Build.0 = Debug|Any CPU
		{489CCF35-C33F-469B-819D-712D28AF9E0C}.Release|Any CPU.ActiveCfg = Release|Any CPU
		{489CCF35-C33F-469B-819D-712D28AF9E0C}.Release|Any CPU.Build.0 = Release|Any CPU
		{C352282D-7EEA-49A9-BEBE-86842108BD74}.Debug|Any CPU.ActiveCfg = Debug|Any CPU
		{C352282D-7EEA-49A9-BEBE-86842108BD74}.Debug|Any CPU.Build.0 = Debug|Any CPU
		{C352282D-7EEA-49A9-BEBE-86842108BD74}.Release|Any CPU.ActiveCfg = Release|Any CPU
		{C352282D-7EEA-49A9-BEBE-86842108BD74}.Release|Any CPU.Build.0 = Release|Any CPU
	EndGlobalSection
	GlobalSection(SolutionProperties) = preSolution
		HideSolutionNode = FALSE
	EndGlobalSection
	GlobalSection(ExtensibilityGlobals) = postSolution
		SolutionGuid = {F5DA79A2-EECD-4CC1-8D4C-BF9CC5971840}
	EndGlobalSection
EndGlobal
