
Microsoft Visual Studio Solution File, Format Version 12.00
# Visual Studio Version 16
VisualStudioVersion = 16.0.30330.147
MinimumVisualStudioVersion = 10.0.40219.1
Project("{FAE04EC0-301F-11D3-BF4B-00C04F79EFBC}") = "Q172(Factorial Trailing Zeroes)", "Q172(Factorial Trailing Zeroes).csproj", "{D9A8C354-9663-4ED9-A90F-BEDABF0C2973}"
EndProject
Project("{FAE04EC0-301F-11D3-BF4B-00C04F79EFBC}") = "Q172(Factorial Trailing Zeroes)Tests", "..\Q172(Factorial Trailing Zeroes)Tests\Q172(Factorial Trailing Zeroes)Tests.csproj", "{38D93868-B00C-44C1-9A25-2EA382ABA0F9}"
EndProject
Global
	GlobalSection(SolutionConfigurationPlatforms) = preSolution
		Debug|Any CPU = Debug|Any CPU
		Release|Any CPU = Release|Any CPU
	EndGlobalSection
	GlobalSection(ProjectConfigurationPlatforms) = postSolution
		{D9A8C354-9663-4ED9-A90F-BEDABF0C2973}.Debug|Any CPU.ActiveCfg = Debug|Any CPU
		{D9A8C354-9663-4ED9-A90F-BEDABF0C2973}.Debug|Any CPU.Build.0 = Debug|Any CPU
		{D9A8C354-9663-4ED9-A90F-BEDABF0C2973}.Release|Any CPU.ActiveCfg = Release|Any CPU
		{D9A8C354-9663-4ED9-A90F-BEDABF0C2973}.Release|Any CPU.Build.0 = Release|Any CPU
		{38D93868-B00C-44C1-9A25-2EA382ABA0F9}.Debug|Any CPU.ActiveCfg = Debug|Any CPU
		{38D93868-B00C-44C1-9A25-2EA382ABA0F9}.Debug|Any CPU.Build.0 = Debug|Any CPU
		{38D93868-B00C-44C1-9A25-2EA382ABA0F9}.Release|Any CPU.ActiveCfg = Release|Any CPU
		{38D93868-B00C-44C1-9A25-2EA382ABA0F9}.Release|Any CPU.Build.0 = Release|Any CPU
	EndGlobalSection
	GlobalSection(SolutionProperties) = preSolution
		HideSolutionNode = FALSE
	EndGlobalSection
	GlobalSection(ExtensibilityGlobals) = postSolution
		SolutionGuid = {4C26F912-F3DE-4143-82D2-EE86DD50CF42}
	EndGlobalSection
EndGlobal
